// !$*UTF8*$!
{
	archiveVersion = 1;
	classes = {
	};
	objectVersion = 55;
	objects = {

/* Begin PBXBuildFile section */
		43443A772876D04F00815F16 /* AppDelegate.swift in Sources */ = {isa = PBXBuildFile; fileRef = 43443A762876D04F00815F16 /* AppDelegate.swift */; };
		43443A792876D04F00815F16 /* SceneDelegate.swift in Sources */ = {isa = PBXBuildFile; fileRef = 43443A782876D04F00815F16 /* SceneDelegate.swift */; };
		43443A7E2876D04F00815F16 /* Main.storyboard in Resources */ = {isa = PBXBuildFile; fileRef = 43443A7C2876D04F00815F16 /* Main.storyboard */; };
		43443A802876D05400815F16 /* Assets.xcassets in Resources */ = {isa = PBXBuildFile; fileRef = 43443A7F2876D05400815F16 /* Assets.xcassets */; };
		43443A832876D05400815F16 /* LaunchScreen.storyboard in Resources */ = {isa = PBXBuildFile; fileRef = 43443A812876D05400815F16 /* LaunchScreen.storyboard */; };
		43443A8F2876D17600815F16 /* TableViewCell.swift in Sources */ = {isa = PBXBuildFile; fileRef = 43443A8D2876D17600815F16 /* TableViewCell.swift */; };
		43443A902876D17600815F16 /* TableViewCell.xib in Resources */ = {isa = PBXBuildFile; fileRef = 43443A8E2876D17600815F16 /* TableViewCell.xib */; };
		43443A922876D59A00815F16 /* DBmanager.swift in Sources */ = {isa = PBXBuildFile; fileRef = 43443A912876D59A00815F16 /* DBmanager.swift */; };
		43443A942876D64A00815F16 /* Food.swift in Sources */ = {isa = PBXBuildFile; fileRef = 43443A932876D64900815F16 /* Food.swift */; };
		43443A962876DD8A00815F16 /* FoodViewController.swift in Sources */ = {isa = PBXBuildFile; fileRef = 43443A952876DD8A00815F16 /* FoodViewController.swift */; };
		43443A982877012700815F16 /* CartViewController.swift in Sources */ = {isa = PBXBuildFile; fileRef = 43443A972877012600815F16 /* CartViewController.swift */; };
		43443A9B28770B3900815F16 /* CartTableViewCell.swift in Sources */ = {isa = PBXBuildFile; fileRef = 43443A9928770B3900815F16 /* CartTableViewCell.swift */; };
		43443A9C28770B3900815F16 /* CartTableViewCell.xib in Resources */ = {isa = PBXBuildFile; fileRef = 43443A9A28770B3900815F16 /* CartTableViewCell.xib */; };
		43443A9E2877F48500815F16 /* DetailsViewController.swift in Sources */ = {isa = PBXBuildFile; fileRef = 43443A9D2877F48500815F16 /* DetailsViewController.swift */; };
/* End PBXBuildFile section */

/* Begin PBXFileReference section */
		43443A732876D04F00815F16 /* Eat Now.app */ = {isa = PBXFileReference; explicitFileType = wrapper.application; includeInIndex = 0; path = "Eat Now.app"; sourceTree = BUILT_PRODUCTS_DIR; };
		43443A762876D04F00815F16 /* AppDelegate.swift */ = {isa = PBXFileReference; lastKnownFileType = sourcecode.swift; path = AppDelegate.swift; sourceTree = "<group>"; };
		43443A782876D04F00815F16 /* SceneDelegate.swift */ = {isa = PBXFileReference; lastKnownFileType = sourcecode.swift; path = SceneDelegate.swift; sourceTree = "<group>"; };
		43443A7D2876D04F00815F16 /* Base */ = {isa = PBXFileReference; lastKnownFileType = file.storyboard; name = Base; path = Base.lproj/Main.storyboard; sourceTree = "<group>"; };
		43443A7F2876D05400815F16 /* Assets.xcassets */ = {isa = PBXFileReference; lastKnownFileType = folder.assetcatalog; path = Assets.xcassets; sourceTree = "<group>"; };
		43443A822876D05400815F16 /* Base */ = {isa = PBXFileReference; lastKnownFileType = file.storyboard; name = Base; path = Base.lproj/LaunchScreen.storyboard; sourceTree = "<group>"; };
		43443A842876D05400815F16 /* Info.plist */ = {isa = PBXFileReference; lastKnownFileType = text.plist.xml; path = Info.plist; sourceTree = "<group>"; };
		43443A8D2876D17600815F16 /* TableViewCell.swift */ = {isa = PBXFileReference; lastKnownFileType = sourcecode.swift; path = TableViewCell.swift; sourceTree = "<group>"; };
		43443A8E2876D17600815F16 /* TableViewCell.xib */ = {isa = PBXFileReference; lastKnownFileType = file.xib; path = TableViewCell.xib; sourceTree = "<group>"; };
		43443A912876D59A00815F16 /* DBmanager.swift */ = {isa = PBXFileReference; lastKnownFileType = sourcecode.swift; path = DBmanager.swift; sourceTree = "<group>"; };
		43443A932876D64900815F16 /* Food.swift */ = {isa = PBXFileReference; lastKnownFileType = sourcecode.swift; path = Food.swift; sourceTree = "<group>"; };
		43443A952876DD8A00815F16 /* FoodViewController.swift */ = {isa = PBXFileReference; lastKnownFileType = sourcecode.swift; path = FoodViewController.swift; sourceTree = "<group>"; };
		43443A972877012600815F16 /* CartViewController.swift */ = {isa = PBXFileReference; lastKnownFileType = sourcecode.swift; path = CartViewController.swift; sourceTree = "<group>"; };
		43443A9928770B3900815F16 /* CartTableViewCell.swift */ = {isa = PBXFileReference; lastKnownFileType = sourcecode.swift; path = CartTableViewCell.swift; sourceTree = "<group>"; };
		43443A9A28770B3900815F16 /* CartTableViewCell.xib */ = {isa = PBXFileReference; lastKnownFileType = file.xib; path = CartTableViewCell.xib; sourceTree = "<group>"; };
		43443A9D2877F48500815F16 /* DetailsViewController.swift */ = {isa = PBXFileReference; lastKnownFileType = sourcecode.swift; path = DetailsViewController.swift; sourceTree = "<group>"; };
/* End PBXFileReference section */

/* Begin PBXFrameworksBuildPhase section */
		43443A702876D04F00815F16 /* Frameworks */ = {
			isa = PBXFrameworksBuildPhase;
			buildActionMask = 2147483647;
			files = (
			);
			runOnlyForDeploymentPostprocessing = 0;
		};
/* End PBXFrameworksBuildPhase section */

/* Begin PBXGroup section */
		43443A6A2876D04E00815F16 = {
			isa = PBXGroup;
			children = (
				43443A752876D04F00815F16 /* Eat Now */,
				43443A742876D04F00815F16 /* Products */,
			);
			sourceTree = "<group>";
		};
		43443A742876D04F00815F16 /* Products */ = {
			isa = PBXGroup;
			children = (
				43443A732876D04F00815F16 /* Eat Now.app */,
			);
			name = Products;
			sourceTree = "<group>";
		};
		43443A752876D04F00815F16 /* Eat Now */ = {
			isa = PBXGroup;
			children = (
				43443A8C2876D08B00815F16 /* Model */,
				43443A8B2876D08500815F16 /* View */,
				43443A8A2876D07C00815F16 /* Controller */,
				43443A7F2876D05400815F16 /* Assets.xcassets */,
				43443A842876D05400815F16 /* Info.plist */,
			);
			path = "Eat Now";
			sourceTree = "<group>";
		};
		43443A8A2876D07C00815F16 /* Controller */ = {
			isa = PBXGroup;
			children = (
				43443A8D2876D17600815F16 /* TableViewCell.swift */,
				43443A9928770B3900815F16 /* CartTableViewCell.swift */,
				43443A952876DD8A00815F16 /* FoodViewController.swift */,
				43443A972877012600815F16 /* CartViewController.swift */,
				43443A9D2877F48500815F16 /* DetailsViewController.swift */,
				43443A762876D04F00815F16 /* AppDelegate.swift */,
				43443A782876D04F00815F16 /* SceneDelegate.swift */,
				43443A912876D59A00815F16 /* DBmanager.swift */,
			);
			path = Controller;
			sourceTree = "<group>";
		};
		43443A8B2876D08500815F16 /* View */ = {
			isa = PBXGroup;
			children = (
				43443A7C2876D04F00815F16 /* Main.storyboard */,
				43443A812876D05400815F16 /* LaunchScreen.storyboard */,
				43443A8E2876D17600815F16 /* TableViewCell.xib */,
				43443A9A28770B3900815F16 /* CartTableViewCell.xib */,
			);
			path = View;
			sourceTree = "<group>";
		};
		43443A8C2876D08B00815F16 /* Model */ = {
			isa = PBXGroup;
			children = (
				43443A932876D64900815F16 /* Food.swift */,
			);
			path = Model;
			sourceTree = "<group>";
		};
/* End PBXGroup section */

/* Begin PBXNativeTarget section */
		43443A722876D04F00815F16 /* Eat Now */ = {
			isa = PBXNativeTarget;
			buildConfigurationList = 43443A872876D05400815F16 /* Build configuration list for PBXNativeTarget "Eat Now" */;
			buildPhases = (
				43443A6F2876D04F00815F16 /* Sources */,
				43443A702876D04F00815F16 /* Frameworks */,
				43443A712876D04F00815F16 /* Resources */,
			);
			buildRules = (
			);
			dependencies = (
			);
			name = "Eat Now";
			productName = "Eat Now";
			productReference = 43443A732876D04F00815F16 /* Eat Now.app */;
			productType = "com.apple.product-type.application";
		};
/* End PBXNativeTarget section */

/* Begin PBXProject section */
		43443A6B2876D04F00815F16 /* Project object */ = {
			isa = PBXProject;
			attributes = {
				BuildIndependentTargetsInParallel = 1;
				LastSwiftUpdateCheck = 1330;
				LastUpgradeCheck = 1330;
				TargetAttributes = {
					43443A722876D04F00815F16 = {
						CreatedOnToolsVersion = 13.3.1;
					};
				};
			};
			buildConfigurationList = 43443A6E2876D04F00815F16 /* Build configuration list for PBXProject "Eat Now" */;
			compatibilityVersion = "Xcode 13.0";
			developmentRegion = en;
			hasScannedForEncodings = 0;
			knownRegions = (
				en,
				Base,
			);
			mainGroup = 43443A6A2876D04E00815F16;
			productRefGroup = 43443A742876D04F00815F16 /* Products */;
			projectDirPath = "";
			projectRoot = "";
			targets = (
				43443A722876D04F00815F16 /* Eat Now */,
			);
		};
/* End PBXProject section */

/* Begin PBXResourcesBuildPhase section */
		43443A712876D04F00815F16 /* Resources */ = {
			isa = PBXResourcesBuildPhase;
			buildActionMask = 2147483647;
			files = (
				43443A9C28770B3900815F16 /* CartTableViewCell.xib in Resources */,
				43443A832876D05400815F16 /* LaunchScreen.storyboard in Resources */,
				43443A902876D17600815F16 /* TableViewCell.xib in Resources */,
				43443A802876D05400815F16 /* Assets.xcassets in Resources */,
				43443A7E2876D04F00815F16 /* Main.storyboard in Resources */,
			);
			runOnlyForDeploymentPostprocessing = 0;
		};
/* End PBXResourcesBuildPhase section */

/* Begin PBXSourcesBuildPhase section */
		43443A6F2876D04F00815F16 /* Sources */ = {
			isa = PBXSourcesBuildPhase;
			buildActionMask = 2147483647;
			files = (
				43443A922876D59A00815F16 /* DBmanager.swift in Sources */,
				43443A962876DD8A00815F16 /* FoodViewController.swift in Sources */,
				43443A9E2877F48500815F16 /* DetailsViewController.swift in Sources */,
				43443A982877012700815F16 /* CartViewController.swift in Sources */,
				43443A8F2876D17600815F16 /* TableViewCell.swift in Sources */,
				43443A772876D04F00815F16 /* AppDelegate.swift in Sources */,
				43443A792876D04F00815F16 /* SceneDelegate.swift in Sources */,
				43443A942876D64A00815F16 /* Food.swift in Sources */,
				43443A9B28770B3900815F16 /* CartTableViewCell.swift in Sources */,
			);
			runOnlyForDeploymentPostprocessing = 0;
		};
/* End PBXSourcesBuildPhase section */

/* Begin PBXVariantGroup section */
		43443A7C2876D04F00815F16 /* Main.storyboard */ = {
			isa = PBXVariantGroup;
			children = (
				43443A7D2876D04F00815F16 /* Base */,
			);
			name = Main.storyboard;
			sourceTree = "<group>";
		};
		43443A812876D05400815F16 /* LaunchScreen.storyboard */ = {
			isa = PBXVariantGroup;
			children = (
				43443A822876D05400815F16 /* Base */,
			);
			name = LaunchScreen.storyboard;
			sourceTree = "<group>";
		};
/* End PBXVariantGroup section */

/* Begin XCBuildConfiguration section */
		43443A852876D05400815F16 /* Debug */ = {
			isa = XCBuildConfiguration;
			buildSettings = {
				ALWAYS_SEARCH_USER_PATHS = NO;
				CLANG_ANALYZER_NONNULL = YES;
				CLANG_ANALYZER_NUMBER_OBJECT_CONVERSION = YES_AGGRESSIVE;
				CLANG_CXX_LANGUAGE_STANDARD = "gnu++17";
				CLANG_ENABLE_MODULES = YES;
				CLANG_ENABLE_OBJC_ARC = YES;
				CLANG_ENABLE_OBJC_WEAK = YES;
				CLANG_WARN_BLOCK_CAPTURE_AUTORELEASING = YES;
				CLANG_WARN_BOOL_CONVERSION = YES;
				CLANG_WARN_COMMA = YES;
				CLANG_WARN_CONSTANT_CONVERSION = YES;
				CLANG_WARN_DEPRECATED_OBJC_IMPLEMENTATIONS = YES;
				CLANG_WARN_DIRECT_OBJC_ISA_USAGE = YES_ERROR;
				CLANG_WARN_DOCUMENTATION_COMMENTS = YES;
				CLANG_WARN_EMPTY_BODY = YES;
				CLANG_WARN_ENUM_CONVERSION = YES;
				CLANG_WARN_INFINITE_RECURSION = YES;
				CLANG_WARN_INT_CONVERSION = YES;
				CLANG_WARN_NON_LITERAL_NULL_CONVERSION = YES;
				CLANG_WARN_OBJC_IMPLICIT_RETAIN_SELF = YES;
				CLANG_WARN_OBJC_LITERAL_CONVERSION = YES;
				CLANG_WARN_OBJC_ROOT_CLASS = YES_ERROR;
				CLANG_WARN_QUOTED_INCLUDE_IN_FRAMEWORK_HEADER = YES;
				CLANG_WARN_RANGE_LOOP_ANALYSIS = YES;
				CLANG_WARN_STRICT_PROTOTYPES = YES;
				CLANG_WARN_SUSPICIOUS_MOVE = YES;
				CLANG_WARN_UNGUARDED_AVAILABILITY = YES_AGGRESSIVE;
				CLANG_WARN_UNREACHABLE_CODE = YES;
				CLANG_WARN__DUPLICATE_METHOD_MATCH = YES;
				COPY_PHASE_STRIP = NO;
				DEBUG_INFORMATION_FORMAT = dwarf;
				ENABLE_STRICT_OBJC_MSGSEND = YES;
				ENABLE_TESTABILITY = YES;
				GCC_C_LANGUAGE_STANDARD = gnu11;
				GCC_DYNAMIC_NO_PIC = NO;
				GCC_NO_COMMON_BLOCKS = YES;
				GCC_OPTIMIZATION_LEVEL = 0;
				GCC_PREPROCESSOR_DEFINITIONS = (
					"DEBUG=1",
					"$(inherited)",
				);
				GCC_WARN_64_TO_32_BIT_CONVERSION = YES;
				GCC_WARN_ABOUT_RETURN_TYPE = YES_ERROR;
				GCC_WARN_UNDECLARED_SELECTOR = YES;
				GCC_WARN_UNINITIALIZED_AUTOS = YES_AGGRESSIVE;
				GCC_WARN_UNUSED_FUNCTION = YES;
				GCC_WARN_UNUSED_VARIABLE = YES;
				IPHONEOS_DEPLOYMENT_TARGET = 15.4;
				MTL_ENABLE_DEBUG_INFO = INCLUDE_SOURCE;
				MTL_FAST_MATH = YES;
				ONLY_ACTIVE_ARCH = YES;
				SDKROOT = iphoneos;
				SWIFT_ACTIVE_COMPILATION_CONDITIONS = DEBUG;
				SWIFT_OPTIMIZATION_LEVEL = "-Onone";
			};
			name = Debug;
		};
		43443A862876D05400815F16 /* Release */ = {
			isa = XCBuildConfiguration;
			buildSettings = {
				ALWAYS_SEARCH_USER_PATHS = NO;
				CLANG_ANALYZER_NONNULL = YES;
				CLANG_ANALYZER_NUMBER_OBJECT_CONVERSION = YES_AGGRESSIVE;
				CLANG_CXX_LANGUAGE_STANDARD = "gnu++17";
				CLANG_ENABLE_MODULES = YES;
				CLANG_ENABLE_OBJC_ARC = YES;
				CLANG_ENABLE_OBJC_WEAK = YES;
				CLANG_WARN_BLOCK_CAPTURE_AUTORELEASING = YES;
				CLANG_WARN_BOOL_CONVERSION = YES;
				CLANG_WARN_COMMA = YES;
				CLANG_WARN_CONSTANT_CONVERSION = YES;
				CLANG_WARN_DEPRECATED_OBJC_IMPLEMENTATIONS = YES;
				CLANG_WARN_DIRECT_OBJC_ISA_USAGE = YES_ERROR;
				CLANG_WARN_DOCUMENTATION_COMMENTS = YES;
				CLANG_WARN_EMPTY_BODY = YES;
				CLANG_WARN_ENUM_CONVERSION = YES;
				CLANG_WARN_INFINITE_RECURSION = YES;
				CLANG_WARN_INT_CONVERSION = YES;
				CLANG_WARN_NON_LITERAL_NULL_CONVERSION = YES;
				CLANG_WARN_OBJC_IMPLICIT_RETAIN_SELF = YES;
				CLANG_WARN_OBJC_LITERAL_CONVERSION = YES;
				CLANG_WARN_OBJC_ROOT_CLASS = YES_ERROR;
				CLANG_WARN_QUOTED_INCLUDE_IN_FRAMEWORK_HEADER = YES;
				CLANG_WARN_RANGE_LOOP_ANALYSIS = YES;
				CLANG_WARN_STRICT_PROTOTYPES = YES;
				CLANG_WARN_SUSPICIOUS_MOVE = YES;
				CLANG_WARN_UNGUARDED_AVAILABILITY = YES_AGGRESSIVE;
				CLANG_WARN_UNREACHABLE_CODE = YES;
				CLANG_WARN__DUPLICATE_METHOD_MATCH = YES;
				COPY_PHASE_STRIP = NO;
				DEBUG_INFORMATION_FORMAT = "dwarf-with-dsym";
				ENABLE_NS_ASSERTIONS = NO;
				ENABLE_STRICT_OBJC_MSGSEND = YES;
				GCC_C_LANGUAGE_STANDARD = gnu11;
				GCC_NO_COMMON_BLOCKS = YES;
				GCC_WARN_64_TO_32_BIT_CONVERSION = YES;
				GCC_WARN_ABOUT_RETURN_TYPE = YES_ERROR;
				GCC_WARN_UNDECLARED_SELECTOR = YES;
				GCC_WARN_UNINITIALIZED_AUTOS = YES_AGGRESSIVE;
				GCC_WARN_UNUSED_FUNCTION = YES;
				GCC_WARN_UNUSED_VARIABLE = YES;
				IPHONEOS_DEPLOYMENT_TARGET = 15.4;
				MTL_ENABLE_DEBUG_INFO = NO;
				MTL_FAST_MATH = YES;
				SDKROOT = iphoneos;
				SWIFT_COMPILATION_MODE = wholemodule;
				SWIFT_OPTIMIZATION_LEVEL = "-O";
				VALIDATE_PRODUCT = YES;
			};
			name = Release;
		};
		43443A882876D05400815F16 /* Debug */ = {
			isa = XCBuildConfiguration;
			buildSettings = {
				ASSETCATALOG_COMPILER_APPICON_NAME = AppIcon;
				ASSETCATALOG_COMPILER_GLOBAL_ACCENT_COLOR_NAME = AccentColor;
				CODE_SIGN_STYLE = Automatic;
				CURRENT_PROJECT_VERSION = 1;
				GENERATE_INFOPLIST_FILE = YES;
				INFOPLIST_FILE = "Eat Now/Info.plist";
				INFOPLIST_KEY_UIApplicationSupportsIndirectInputEvents = YES;
				INFOPLIST_KEY_UILaunchStoryboardName = LaunchScreen;
				INFOPLIST_KEY_UIMainStoryboardFile = Main;
				INFOPLIST_KEY_UISupportedInterfaceOrientations_iPad = "UIInterfaceOrientationPortrait UIInterfaceOrientationPortraitUpsideDown UIInterfaceOrientationLandscapeLeft UIInterfaceOrientationLandscapeRight";
				INFOPLIST_KEY_UISupportedInterfaceOrientations_iPhone = "UIInterfaceOrientationPortrait UIInterfaceOrientationLandscapeLeft UIInterfaceOrientationLandscapeRight";
				LD_RUNPATH_SEARCH_PATHS = (
					"$(inherited)",
					"@executable_path/Frameworks",
				);
				MARKETING_VERSION = 1.0;
				PRODUCT_BUNDLE_IDENTIFIER = "com.eatnow.meet.Eat-Now";
				PRODUCT_NAME = "$(TARGET_NAME)";
				SWIFT_EMIT_LOC_STRINGS = YES;
				SWIFT_VERSION = 5.0;
				TARGETED_DEVICE_FAMILY = "1,2";
			};
			name = Debug;
		};
		43443A892876D05400815F16 /* Release */ = {
			isa = XCBuildConfiguration;
			buildSettings = {
				ASSETCATALOG_COMPILER_APPICON_NAME = AppIcon;
				ASSETCATALOG_COMPILER_GLOBAL_ACCENT_COLOR_NAME = AccentColor;
				CODE_SIGN_STYLE = Automatic;
				CURRENT_PROJECT_VERSION = 1;
				GENERATE_INFOPLIST_FILE = YES;
				INFOPLIST_FILE = "Eat Now/Info.plist";
				INFOPLIST_KEY_UIApplicationSupportsIndirectInputEvents = YES;
				INFOPLIST_KEY_UILaunchStoryboardName = LaunchScreen;
				INFOPLIST_KEY_UIMainStoryboardFile = Main;
				INFOPLIST_KEY_UISupportedInterfaceOrientations_iPad = "UIInterfaceOrientationPortrait UIInterfaceOrientationPortraitUpsideDown UIInterfaceOrientationLandscapeLeft UIInterfaceOrientationLandscapeRight";
				INFOPLIST_KEY_UISupportedInterfaceOrientations_iPhone = "UIInterfaceOrientationPortrait UIInterfaceOrientationLandscapeLeft UIInterfaceOrientationLandscapeRight";
				LD_RUNPATH_SEARCH_PATHS = (
					"$(inherited)",
					"@executable_path/Frameworks",
				);
				MARKETING_VERSION = 1.0;
				PRODUCT_BUNDLE_IDENTIFIER = "com.eatnow.meet.Eat-Now";
				PRODUCT_NAME = "$(TARGET_NAME)";
				SWIFT_EMIT_LOC_STRINGS = YES;
				SWIFT_VERSION = 5.0;
				TARGETED_DEVICE_FAMILY = "1,2";
			};
			name = Release;
		};
/* End XCBuildConfiguration section */

/* Begin XCConfigurationList section */
		43443A6E2876D04F00815F16 /* Build configuration list for PBXProject "Eat Now" */ = {
			isa = XCConfigurationList;
			buildConfigurations = (
				43443A852876D05400815F16 /* Debug */,
				43443A862876D05400815F16 /* Release */,
			);
			defaultConfigurationIsVisible = 0;
			defaultConfigurationName = Release;
		};
		43443A872876D05400815F16 /* Build configuration list for PBXNativeTarget "Eat Now" */ = {
			isa = XCConfigurationList;
			buildConfigurations = (
				43443A882876D05400815F16 /* Debug */,
				43443A892876D05400815F16 /* Release */,
			);
			defaultConfigurationIsVisible = 0;
			defaultConfigurationName = Release;
		};
/* End XCConfigurationList section */
	};
	rootObject = 43443A6B2876D04F00815F16 /* Project object */;
}
